
Microsoft Visual Studio Solution File, Format Version 12.00
# Visual Studio Version 17
VisualStudioVersion = 17.14.37328.6 d17.14
MinimumVisualStudioVersion = 10.0.40219.1
Project("{888888A0-9F3D-457C-B088-3A5042F75D52}") = "HDTSolver", "HDTSolver.pyproj", "{230F757C-58A5-443A-9392-0B5246C1CCB4}"
EndProject
Global
	GlobalSection(SolutionConfigurationPlatforms) = preSolution
		Debug|Any CPU = Debug|Any CPU
		Release|Any CPU = Release|Any CPU
	EndGlobalSection
	GlobalSection(ProjectConfigurationPlatforms) = postSolution
		{230F757C-58A5-443A-9392-0B5246C1CCB4}.Debug|Any CPU.ActiveCfg = Debug|Any CPU
		{230F757C-58A5-443A-9392-0B5246C1CCB4}.Release|Any CPU.ActiveCfg = Release|Any CPU
	EndGlobalSection
	GlobalSection(SolutionProperties) = preSolution
		HideSolutionNode = FALSE
	EndGlobalSection
	GlobalSection(ExtensibilityGlobals) = postSolution
		SolutionGuid = {6D7A1E6F-46EA-4304-A5B9-21E096525869}
	EndGlobalSection
EndGlobal
